
Microsoft Visual Studio Solution File, Format Version 12.00
# Visual Studio Version 17
VisualStudioVersion = 17.3.32804.467
MinimumVisualStudioVersion = 10.0.40219.1
Project("{FAE04EC0-301F-11D3-BF4B-00C04F79EFBC}") = "Dashboard-Statistics-App", "Dashboard-Statistics-App\Dashboard-Statistics-App.csproj", "{C350BDA5-FD14-46A2-B75E-B8F19824F20E}"
EndProject
Global
	GlobalSection(SolutionConfigurationPlatforms) = preSolution
		Debug|Any CPU = Debug|Any CPU
		Release|Any CPU = Release|Any CPU
	EndGlobalSection
	GlobalSection(ProjectConfigurationPlatforms) = postSolution
		{C350BDA5-FD14-46A2-B75E-B8F19824F20E}.Debug|Any CPU.ActiveCfg = Debug|Any CPU
		{C350BDA5-FD14-46A2-B75E-B8F19824F20E}.Debug|Any CPU.Build.0 = Debug|Any CPU
		{C350BDA5-FD14-46A2-B75E-B8F19824F20E}.Release|Any CPU.ActiveCfg = Release|Any CPU
		{C350BDA5-FD14-46A2-B75E-B8F19824F20E}.Release|Any CPU.Build.0 = Release|Any CPU
	EndGlobalSection
	GlobalSection(SolutionProperties) = preSolution
		HideSolutionNode = FALSE
	EndGlobalSection
	GlobalSection(ExtensibilityGlobals) = postSolution
		SolutionGuid = {782027B0-739F-4176-83C5-F748D91F8B2A}
	EndGlobalSection
EndGlobal
